{
  "name": "@verjson/contract",
  "version": "0.0.0",
  "lockfileVersion": 3,
  "requires": true,
  "packages": {
    "": {
      "name": "@verjson/contract",
      "version": "0.0.0",
      "bin": {
        "gen-adr-index": "bin/gen-adr-index.js",
        "render-next": "bin/render-next.js"
      },
      "engines": {
        "node": ">=18"
      }
    }
  }
}
